Microsoft Visual Studio Solution File, Format Version 12.00
# Visual Studio Version 17
VisualStudioVersion = 17.5.2.0
MinimumVisualStudioVersion = 10.0.40219.1
Project("{FAE04EC0-301F-11D3-BF4B-00C04F79EFBC}") = "ExameChunin", "ExameChunin\ExameChunin.csproj", "{A2CB6E30-9C33-A90D-9CBD-2A602A0154E6}"
EndProject
Global
	GlobalSection(SolutionConfigurationPlatforms) = preSolution
		Debug|Any CPU = Debug|Any CPU
		Release|Any CPU = Release|Any CPU
	EndGlobalSection
	GlobalSection(ProjectConfigurationPlatforms) = postSolution
		{A2CB6E30-9C33-A90D-9CBD-2A602A0154E6}.Debug|Any CPU.ActiveCfg = Debug|Any CPU
		{A2CB6E30-9C33-A90D-9CBD-2A602A0154E6}.Debug|Any CPU.Build.0 = Debug|Any CPU
		{A2CB6E30-9C33-A90D-9CBD-2A602A0154E6}.Release|Any CPU.ActiveCfg = Release|Any CPU
		{A2CB6E30-9C33-A90D-9CBD-2A602A0154E6}.Release|Any CPU.Build.0 = Release|Any CPU
	EndGlobalSection
	GlobalSection(SolutionProperties) = preSolution
		HideSolutionNode = FALSE
	EndGlobalSection
	GlobalSection(ExtensibilityGlobals) = postSolution
		SolutionGuid = {33733A43-1E40-4FA2-9537-E27106523248}
	EndGlobalSection
EndGlobal
